# THIS IS AN AUTOGENERATED FILE. DO NOT EDIT THIS FILE DIRECTLY.
# yarn lockfile v1


"@abp/aspnetcore.mvc.ui.theme.leptonxlite@~3.2.0":
  version "3.2.0"
  resolved "https://registry.npmmirror.com/@abp/aspnetcore.mvc.ui.theme.leptonxlite/-/aspnetcore.mvc.ui.theme.leptonxlite-3.2.0.tgz#02b93be81bd71b7d0f451883841d02be8620134e"
  integrity sha512-cHazis0typaNtMja5HfKf6+udZ3eHQO29RRjizB4VKSznmgsy0o/u6wlg6HSch4DP33N6yN7TOd6re77+xBM+Q==
  dependencies:
    "@abp/aspnetcore.mvc.ui.theme.shared" "~8.2.0"

"@abp/aspnetcore.mvc.ui.theme.shared@~8.2.0":
  version "8.2.0"
  resolved "https://registry.npmmirror.com/@abp/aspnetcore.mvc.ui.theme.shared/-/aspnetcore.mvc.ui.theme.shared-8.2.0.tgz#dc16714f032c04a2219b41abcedef73076db89c8"
  integrity sha512-6iCo5+aSfhmAtKgBOLFNG7uKnOWv64RH8LwVPbMDVdjG+gKD96V+OunFLiG1p8Ta7Y+pip7PHWBKAqE3iC3Fag==
  dependencies:
    "@abp/aspnetcore.mvc.ui" "~8.2.0"
    "@abp/bootstrap" "~8.2.0"
    "@abp/bootstrap-datepicker" "~8.2.0"
    "@abp/bootstrap-daterangepicker" "~8.2.0"
    "@abp/datatables.net-bs5" "~8.2.0"
    "@abp/font-awesome" "~8.2.0"
    "@abp/jquery-form" "~8.2.0"
    "@abp/jquery-validation-unobtrusive" "~8.2.0"
    "@abp/lodash" "~8.2.0"
    "@abp/luxon" "~8.2.0"
    "@abp/malihu-custom-scrollbar-plugin" "~8.2.0"
    "@abp/moment" "~8.2.0"
    "@abp/select2" "~8.2.0"
    "@abp/sweetalert2" "~8.2.0"
    "@abp/timeago" "~8.2.0"
    "@abp/toastr" "~8.2.0"

"@abp/aspnetcore.mvc.ui@~8.2.0":
  version "8.2.0"
  resolved "https://registry.npmmirror.com/@abp/aspnetcore.mvc.ui/-/aspnetcore.mvc.ui-8.2.0.tgz#c63db25bdebe45d81c0dc3722400ae518787f409"
  integrity sha512-5Mu7TBDzXHBWqKMns2OVf2C5g1/038wz1XjsiaHANJ3b1iwHX1gt90nV5THK5yXRXxBjOUZnBE1TOj/jKAKEWQ==
  dependencies:
    ansi-colors "^4.1.1"

"@abp/bootstrap-datepicker@~8.2.0":
  version "8.2.0"
  resolved "https://registry.npmmirror.com/@abp/bootstrap-datepicker/-/bootstrap-datepicker-8.2.0.tgz#b4b82364e6e937b1661348b204b766834eb6d96c"
  integrity sha512-n4vVjeS2OOuFWrYHMJx1wQp7iyMgM/cofnQdAJy3S2U4cm72DeSCfOQN0LcxdyTlYAE+zGWexmzMAmDTJk/dGg==
  dependencies:
    bootstrap-datepicker "^1.9.0"

"@abp/bootstrap-daterangepicker@~8.2.0":
  version "8.2.0"
  resolved "https://registry.npmmirror.com/@abp/bootstrap-daterangepicker/-/bootstrap-daterangepicker-8.2.0.tgz#997416b0ea29906883b3455b24d087974cc91b1e"
  integrity sha512-+2Hahy66bgFi4t+2il6zfTunilg2ARyr52AOSkqH440xKcdIMEdLeCRHgWadJj6zKnWCmN4LXfvKWgMmWwhPbg==
  dependencies:
    bootstrap-daterangepicker "^3.1.0"

"@abp/bootstrap@~8.2.0":
  version "8.2.0"
  resolved "https://registry.npmmirror.com/@abp/bootstrap/-/bootstrap-8.2.0.tgz#39ffb0807cdd9820251c637ee06f39cd4b84e737"
  integrity sha512-+sNl5KzVi4f1+IAf/+jBwOzUEoqDKuvyOp9YZHOrTVyVj8inDXFCIUqGxTetVcTuD0loxVnHWgdUHetsFJvkJA==
  dependencies:
    "@abp/core" "~8.2.0"
    bootstrap "^5.1.3"

"@abp/core@~8.2.0", "@abp/core@~8.2.1":
  version "8.2.1"
  resolved "https://registry.npmmirror.com/@abp/core/-/core-8.2.1.tgz#a081527fb2871fc932809e1572f958de1287bae0"
  integrity sha512-UxGuwOK11arzj/G3UDdwOoEOdqrNZaCfSuBTdcXDTQrvPv8M0AxMpCXSgFy16aAXcDHZNzQ4oFDuyabdjorNzQ==
  dependencies:
    "@abp/utils" "~8.2.1"

"@abp/datatables.net-bs5@~8.2.0":
  version "8.2.0"
  resolved "https://registry.npmmirror.com/@abp/datatables.net-bs5/-/datatables.net-bs5-8.2.0.tgz#a18af46aa96658d2996b0754aa3eae0dbef7e713"
  integrity sha512-45icvFVaEoPqVXmrTbtHrLFU7Cb/QH/gFChcTTSET9l2rQWG1hM2F5t2GPu7Hct15tUmQKCco6rUM32m0uekFQ==
  dependencies:
    "@abp/datatables.net" "~8.2.0"
    datatables.net-bs5 "^1.11.4"

"@abp/datatables.net@~8.2.0":
  version "8.2.0"
  resolved "https://registry.npmmirror.com/@abp/datatables.net/-/datatables.net-8.2.0.tgz#23a81e953e3d2c8a7b45c0b0a5b471997f66dde0"
  integrity sha512-Uc+NPRaZdTl7rnFdPp3VtX/Fd0igRH3byaqKXAzX639a+aaI5mA2Utm0kMZFXYVoh7Hp8bYGP0W5pzdGWzk2Mg==
  dependencies:
    "@abp/jquery" "~8.2.0"
    datatables.net "^1.11.4"

"@abp/font-awesome@~8.2.0":
  version "8.2.0"
  resolved "https://registry.npmmirror.com/@abp/font-awesome/-/font-awesome-8.2.0.tgz#a94e4e01c2a5df251c62ad602d8b7eb9b4ebc952"
  integrity sha512-uTPdfLZWV1lJGia2FTaBCC84w1NpBiVEHWF8cpn2EURBXRcBJAn4PZOBOQVs+qgW4QyawfjuaR57hKmOyRodWw==
  dependencies:
    "@abp/core" "~8.2.0"
    "@fortawesome/fontawesome-free" "^6.5.1"

"@abp/jquery-form@~8.2.0":
  version "8.2.0"
  resolved "https://registry.npmmirror.com/@abp/jquery-form/-/jquery-form-8.2.0.tgz#40397c9f6d2b73d52551bc0555da1d118cfc17c3"
  integrity sha512-8pvNMTADbPzxsLGRFzePmMLa7ZZ1UWnvcVpP4aZMQ0lB356trbB5tH1Q/Kd7QeuqZS2LaejgVOG6NkZtk09sHQ==
  dependencies:
    "@abp/jquery" "~8.2.0"
    jquery-form "^4.3.0"

"@abp/jquery-validation-unobtrusive@~8.2.0":
  version "8.2.0"
  resolved "https://registry.npmmirror.com/@abp/jquery-validation-unobtrusive/-/jquery-validation-unobtrusive-8.2.0.tgz#03eae705ca16eafb110d9c953c9813100afc5a67"
  integrity sha512-JuuYQWnRghlm+i1gsMXpJafGDu3nUdKab3zZ3BTAR0TRnbHaqKzPudhW28nxPqyrLhlEFiWOxsIFAv2Zo3AYgQ==
  dependencies:
    "@abp/jquery-validation" "~8.2.0"
    jquery-validation-unobtrusive "^3.2.12"

"@abp/jquery-validation@~8.2.0":
  version "8.2.0"
  resolved "https://registry.npmmirror.com/@abp/jquery-validation/-/jquery-validation-8.2.0.tgz#f351ffdb7494a4bd3fc46a5d53fb21c80a526da1"
  integrity sha512-7NlsSARX1omJcTyDXsdK4RHy2Lr5bmIa/LiGniLbNSfsRQxupXVzt9pygRuq3j/4mPCbwf7qVUSld1rgznhyeg==
  dependencies:
    "@abp/jquery" "~8.2.0"
    jquery-validation "^1.19.3"

"@abp/jquery@~8.2.0":
  version "8.2.1"
  resolved "https://registry.npmmirror.com/@abp/jquery/-/jquery-8.2.1.tgz#89ae680a5700684853475a7f5e47513d908edc4d"
  integrity sha512-xdubgEg75ws7iFwNc2P7qJgQ1uEcj74IRv/VX/9bqceXRjjeeiwsYr1hCEw/QvAfy8NntVtCdaqn/uAIGcnMMQ==
  dependencies:
    "@abp/core" "~8.2.1"
    jquery "~3.6.0"

"@abp/lodash@~8.2.0":
  version "8.2.0"
  resolved "https://registry.npmmirror.com/@abp/lodash/-/lodash-8.2.0.tgz#8f3c463023344a5f85d0bcf91a6b9d33d40d8a82"
  integrity sha512-YqCT3idDmeMTUr0RjTtobpTXazkm3kSMdzmFsQvp31sC5eyXDb7/SQip0OP4c3/co2CYhH/vwX5mbAmzDazY3w==
  dependencies:
    "@abp/core" "~8.2.0"
    lodash "^4.17.21"

"@abp/luxon@~8.2.0":
  version "8.2.0"
  resolved "https://registry.npmmirror.com/@abp/luxon/-/luxon-8.2.0.tgz#c8014556e51bcdc1b0484f799f85ead82221fbd2"
  integrity sha512-n11g3IcqE3bpzL06hpYSceQksNz8fowRceu8lJvw2Vo6STNPlL0Kv5awf8qxUcX27XOkE8t8UTBzAERLXZzyCQ==
  dependencies:
    "@abp/core" "~8.2.0"
    luxon "^2.3.0"

"@abp/malihu-custom-scrollbar-plugin@~8.2.0":
  version "8.2.0"
  resolved "https://registry.npmmirror.com/@abp/malihu-custom-scrollbar-plugin/-/malihu-custom-scrollbar-plugin-8.2.0.tgz#3fc39da63b0e57b4fe4f8fcf0f5c32751b9149b8"
  integrity sha512-ALnvSVnzW1q2BVjkGOlgU/fp4VJME7PZWOD/DozAuh1aBKKR9ElR5T54Uf9HQrB53sRaPchHBl9usIOZ0WDqWQ==
  dependencies:
    "@abp/core" "~8.2.0"
    malihu-custom-scrollbar-plugin "^3.1.5"

"@abp/moment@~8.2.0":
  version "8.2.0"
  resolved "https://registry.npmmirror.com/@abp/moment/-/moment-8.2.0.tgz#88aaf862be9d3129c5252dd021f584d19ecc6a0e"
  integrity sha512-pg5LKOXCOe9ncoYCSWzvmPBH2VSVi+6CtmWnfcI23ir07PmAk5zmfNvDdkkBFsALxi5Ypq1UWH45o+a6FteHpQ==
  dependencies:
    moment "^2.9.0"

"@abp/select2@~8.2.0":
  version "8.2.0"
  resolved "https://registry.npmmirror.com/@abp/select2/-/select2-8.2.0.tgz#629777458160443b7d976a9642bfcab86d3b1ad4"
  integrity sha512-TQJLRrfEJsDnp7n0OHKMyNF0Um+O4b7AvRhiVz8opiuAIpaFXQRp02/UuMBX9h7SQUWNONXEqKmLvKdyEIhLAA==
  dependencies:
    "@abp/core" "~8.2.0"
    select2 "^4.0.13"

"@abp/sweetalert2@~8.2.0":
  version "8.2.0"
  resolved "https://registry.npmmirror.com/@abp/sweetalert2/-/sweetalert2-8.2.0.tgz#ff197a523e5b6c40da10e82e4834210e2aad396b"
  integrity sha512-3w/bsEdV5B1Y288wVJa3CrkYASDqwwpuzjCk9g8Foe0xlc7TNs/X9HAm/PeDpdt8glxnxnvnN/zKJOtnFNRgWg==
  dependencies:
    "@abp/core" "~8.2.0"
    sweetalert2 "^11.3.6"

"@abp/timeago@~8.2.0":
  version "8.2.0"
  resolved "https://registry.npmmirror.com/@abp/timeago/-/timeago-8.2.0.tgz#9c9806361e44271d9ada0680ee37bb85a00b44e2"
  integrity sha512-Vwo7Y6m/9CGBcjqLQ/S6lyP27Ilf8ThB7B5QYYlKA5yAL/VqrRaElYmJ8g9+MH7elMuGPvfCnjlPYcBfP2anuQ==
  dependencies:
    "@abp/jquery" "~8.2.0"
    timeago "^1.6.7"

"@abp/toastr@~8.2.0":
  version "8.2.0"
  resolved "https://registry.npmmirror.com/@abp/toastr/-/toastr-8.2.0.tgz#0b3781ccece1a10696461893543ae244f87b26c3"
  integrity sha512-v0nKkP1PLIH92aTHOg/D6TgH65omMgQ30Ujamx2DU4yiRX5Z/2ZJNyO5//9mvmCt8hGXrqVJZwRLVKI/t7UV8A==
  dependencies:
    "@abp/jquery" "~8.2.0"
    toastr "^2.1.4"

"@abp/utils@~8.2.1":
  version "8.2.1"
  resolved "https://registry.npmmirror.com/@abp/utils/-/utils-8.2.1.tgz#d96139a5c0f616c285886f24efa5de0c35ac8cf1"
  integrity sha512-/xZqOyH8LJ8xPZ2+F24iI4calcgMD8QPGf3iIOhlnv85jkXKXbCDyBYElyPhJ6baaEAkx0rrAMn2ud8J5dzeiQ==
  dependencies:
    just-compare "^2.3.0"

"@fortawesome/fontawesome-free@^6.5.1":
  version "6.5.2"
  resolved "https://registry.npmjs.org/@fortawesome/fontawesome-free/-/fontawesome-free-6.5.2.tgz#310fe90cb5a8dee9698833171b98e7835404293d"
  integrity sha512-hRILoInAx8GNT5IMkrtIt9blOdrqHOnPBH+k70aWUAqPZPgopb9G5EQJFpaBx/S8zp2fC+mPW349Bziuk1o28Q==

ansi-colors@^4.1.1:
  version "4.1.3"
  resolved "https://registry.npmjs.org/ansi-colors/-/ansi-colors-4.1.3.tgz#37611340eb2243e70cc604cad35d63270d48781b"
  integrity sha512-/6w/C21Pm1A7aZitlI5Ni/2J6FFQN8i1Cvz3kHABAAbw93v/NlvKdVOqz7CCWz/3iv/JplRSEEZ83XION15ovw==

bootstrap-datepicker@^1.9.0:
  version "1.10.0"
  resolved "https://registry.npmjs.org/bootstrap-datepicker/-/bootstrap-datepicker-1.10.0.tgz#61612bbe8bf0a69a5bce32bbcdda93ebb6ccf24a"
  integrity sha512-lWxtSYddAQOpbAO8UhYhHLcK6425eWoSjb5JDvZU3ePHEPF6A3eUr51WKaFy4PccU19JRxUG6wEU3KdhtKfvpg==
  dependencies:
    jquery ">=3.4.0 <4.0.0"

bootstrap-daterangepicker@^3.1.0:
  version "3.1.0"
  resolved "https://registry.npmjs.org/bootstrap-daterangepicker/-/bootstrap-daterangepicker-3.1.0.tgz#632e6fb2de4b6360c5c0a9d5f6adb9aace051fe8"
  integrity sha512-oaQZx6ZBDo/dZNyXGVi2rx5GmFXThyQLAxdtIqjtLlYVaQUfQALl5JZMJJZzyDIX7blfy4ppZPAJ10g8Ma4d/g==
  dependencies:
    jquery ">=1.10"
    moment "^2.9.0"

bootstrap@^5.1.3:
  version "5.3.3"
  resolved "https://registry.npmjs.org/bootstrap/-/bootstrap-5.3.3.tgz#de35e1a765c897ac940021900fcbb831602bac38"
  integrity sha512-8HLCdWgyoMguSO9o+aH+iuZ+aht+mzW0u3HIMzVu7Srrpv7EBBxTnrFlSCskwdY1+EOFQSm7uMJhNQHkdPcmjg==

datatables.net-bs5@^1.11.4:
  version "1.13.11"
  resolved "https://registry.npmjs.org/datatables.net-bs5/-/datatables.net-bs5-1.13.11.tgz#c7c23aaf37e9fdd1274e172845ad29c9c9d78bb8"
  integrity sha512-NQO15TjXo4xvZ0jReC4Uf86ezbQzPQPdaN2YncrCPhzQ6fx+2WD7DUq4ur0HbAcYHo94/M+MtD5Ch29To7Rj3Q==
  dependencies:
    datatables.net "1.13.11"
    jquery "1.8 - 4"

datatables.net@1.13.11, datatables.net@^1.11.4:
  version "1.13.11"
  resolved "https://registry.npmjs.org/datatables.net/-/datatables.net-1.13.11.tgz#e2a4c8b50553512f241ebfcbc078d74d551183b2"
  integrity sha512-AE6RkMXziRaqzPcu/pl3SJXeRa6fmXQG/fVjuRESujvkzqDCYEeKTTpPMuVJSGYJpPi32WGSphVNNY1G4nSN/g==
  dependencies:
    jquery "1.8 - 4"

jquery-form@^4.3.0:
  version "4.3.0"
  resolved "https://registry.npmjs.org/jquery-form/-/jquery-form-4.3.0.tgz#7d3961c314a1f2d15298f4af1d3943f54f4149c6"
  integrity sha512-q3uaVCEWdLOYUCI6dpNdwf/7cJFOsUgdpq6r0taxtGQ5NJSkOzofyWm4jpOuJ5YxdmL1FI5QR+q+HB63HHLGnQ==
  dependencies:
    jquery ">=1.7.2"

jquery-mousewheel@>=3.0.6:
  version "3.1.13"
  resolved "https://registry.npmjs.org/jquery-mousewheel/-/jquery-mousewheel-3.1.13.tgz#06f0335f16e353a695e7206bf50503cb523a6ee5"
  integrity sha512-GXhSjfOPyDemM005YCEHvzrEALhKDIswtxSHSR2e4K/suHVJKJxxRCGz3skPjNxjJjQa9AVSGGlYjv1M3VLIPg==

jquery-validation-unobtrusive@^3.2.12:
  version "3.2.12"
  resolved "https://registry.npmjs.org/jquery-validation-unobtrusive/-/jquery-validation-unobtrusive-3.2.12.tgz#1d52841f653e516525c251e494b042e664dad8af"
  integrity sha512-kPixGhVcuat7vZXngGFfSIksy4VlzZcHyRgnBIZdsfVneCU+D5sITC8T8dD/9c9K/Q+qkMlgp7ufJHz93nKSuQ==
  dependencies:
    jquery "^3.5.1"
    jquery-validation ">=1.16"

jquery-validation@>=1.16, jquery-validation@^1.19.3:
  version "1.20.0"
  resolved "https://registry.npmjs.org/jquery-validation/-/jquery-validation-1.20.0.tgz#dbff6d8fe61b07d4b6f844bf2f5405146556b991"
  integrity sha512-c8tg4ltIIP6L7l0bZ79sRzOJYquyjS48kQZ6iv8MJ2r0OYztxtkWYKTReZyU2/zVFYiINB29i0Z/IRNNuJQN1g==

"jquery@1.8 - 4", jquery@>=1.10, jquery@>=1.12.0, "jquery@>=1.5.0 <4.0", jquery@>=1.7.2, "jquery@>=3.4.0 <4.0.0", jquery@^3.5.1:
  version "3.7.1"
  resolved "https://registry.npmjs.org/jquery/-/jquery-3.7.1.tgz#083ef98927c9a6a74d05a6af02806566d16274de"
  integrity sha512-m4avr8yL8kmFN8psrbFFFmB/If14iN5o9nw/NgnnM+kybDJpRsAynV2BsfpTYrTRysYUdADVD7CkUUizgkpLfg==

jquery@~3.6.0:
  version "3.6.4"
  resolved "https://registry.npmjs.org/jquery/-/jquery-3.6.4.tgz#ba065c188142100be4833699852bf7c24dc0252f"
  integrity sha512-v28EW9DWDFpzcD9O5iyJXg3R3+q+mET5JhnjJzQUZMHOv67bpSIHq81GEYpPNZHG+XXHsfSme3nxp/hndKEcsQ==

just-compare@^2.3.0:
  version "2.3.0"
  resolved "https://registry.npmjs.org/just-compare/-/just-compare-2.3.0.tgz#a2adcc1d1940536263275f5a1ef1298bcacfeda7"
  integrity sha512-6shoR7HDT+fzfL3gBahx1jZG3hWLrhPAf+l7nCwahDdT9XDtosB9kIF0ZrzUp5QY8dJWfQVr5rnsPqsbvflDzg==

lodash@^4.17.21:
  version "4.17.21"
  resolved "https://registry.npmjs.org/lodash/-/lodash-4.17.21.tgz#679591c564c3bffaae8454cf0b3df370c3d6911c"
  integrity sha512-v2kDEe57lecTulaDIuNTPy3Ry4gLGJ6Z1O3vE1krgXZNrsQ+LFTGHVxVjcXPs17LhbZVGedAJv8XZ1tvj5FvSg==

luxon@^2.3.0:
  version "2.5.2"
  resolved "https://registry.npmjs.org/luxon/-/luxon-2.5.2.tgz#17ed497f0277e72d58a4756d6a9abee4681457b6"
  integrity sha512-Yg7/RDp4nedqmLgyH0LwgGRvMEKVzKbUdkBYyCosbHgJ+kaOUx0qzSiSatVc3DFygnirTPYnMM2P5dg2uH1WvA==

malihu-custom-scrollbar-plugin@^3.1.5:
  version "3.1.5"
  resolved "https://registry.npmjs.org/malihu-custom-scrollbar-plugin/-/malihu-custom-scrollbar-plugin-3.1.5.tgz#310cecc5e59415a1c29e9dfb5d2b6e01d66a29ef"
  integrity sha512-lwW3LgI+CNDMPnP4ED2la6oYxWMkCXlnhex+s2wuOLhFDFGnGmQuTQVdRK9bvDLpxs10sGlfErVufJy9ztfgJQ==
  dependencies:
    jquery-mousewheel ">=3.0.6"

moment@^2.9.0:
  version "2.30.1"
  resolved "https://registry.npmjs.org/moment/-/moment-2.30.1.tgz#f8c91c07b7a786e30c59926df530b4eac96974ae"
  integrity sha512-uEmtNhbDOrWPFS+hdjFCBfy9f2YoyzRpwcl+DqpC6taX21FzsTLQVbMV/W7PzNSX6x/bhC1zA3c2UQ5NzH6how==

select2@^4.0.13:
  version "4.0.13"
  resolved "https://registry.npmjs.org/select2/-/select2-4.0.13.tgz#0dbe377df3f96167c4c1626033e924372d8ef44d"
  integrity sha512-1JeB87s6oN/TDxQQYCvS5EFoQyvV6eYMZZ0AeA4tdFDYWN3BAGZ8npr17UBFddU0lgAt3H0yjX3X6/ekOj1yjw==

sweetalert2@^11.3.6:
  version "11.10.7"
  resolved "https://registry.npmjs.org/sweetalert2/-/sweetalert2-11.10.7.tgz#db2b8ce486f590404c761e051c7e40c80d648fae"
  integrity sha512-5Jlzrmaitay6KzU+2+LhYu9q+L4v/dZ8oZyEDH14ep0C/QilCnFLHmqAyD/Lhq/lm5DiwsOs6Tr58iv8k3wyGg==

timeago@^1.6.7:
  version "1.6.7"
  resolved "https://registry.npmjs.org/timeago/-/timeago-1.6.7.tgz#afd467c29a911e697fc22a81888c7c3022783cb5"
  integrity sha512-FikcjN98+ij0siKH4VO4dZ358PR3oDDq4Vdl1+sN9gWz1/+JXGr3uZbUShYH/hL7bMhcTpPbplJU5Tej4b4jbQ==
  dependencies:
    jquery ">=1.5.0 <4.0"

toastr@^2.1.4:
  version "2.1.4"
  resolved "https://registry.npmjs.org/toastr/-/toastr-2.1.4.tgz#8b43be64fb9d0c414871446f2db8e8ca4e95f181"
  integrity sha512-LIy77F5n+sz4tefMmFOntcJ6HL0Fv3k1TDnNmFZ0bU/GcvIIfy6eG2v7zQmMiYgaalAiUv75ttFrPn5s0gyqlA==
  dependencies:
    jquery ">=1.12.0"
